
Microsoft Visual Studio Solution File, Format Version 12.00
# Visual Studio Version 17
VisualStudioVersion = 17.12.35521.163 d17.12
MinimumVisualStudioVersion = 10.0.40219.1
Project("{FAE04EC0-301F-11D3-BF4B-00C04F79EFBC}") = "HRSystem", "HRSystem\HRSystem.csproj", "{43CE561B-8718-4E30-88D1-84F9B8385A01}"
EndProject
Global
	GlobalSection(SolutionConfigurationPlatforms) = preSolution
		Debug|Any CPU = Debug|Any CPU
		Release|Any CPU = Release|Any CPU
	EndGlobalSection
	GlobalSection(ProjectConfigurationPlatforms) = postSolution
		{43CE561B-8718-4E30-88D1-84F9B8385A01}.Debug|Any CPU.ActiveCfg = Debug|Any CPU
		{43CE561B-8718-4E30-88D1-84F9B8385A01}.Debug|Any CPU.Build.0 = Debug|Any CPU
		{43CE561B-8718-4E30-88D1-84F9B8385A01}.Release|Any CPU.ActiveCfg = Release|Any CPU
		{43CE561B-8718-4E30-88D1-84F9B8385A01}.Release|Any CPU.Build.0 = Release|Any CPU
	EndGlobalSection
	GlobalSection(SolutionProperties) = preSolution
		HideSolutionNode = FALSE
	EndGlobalSection
EndGlobal
